
Microsoft Visual Studio Solution File, Format Version 12.00
# Visual Studio Version 17
VisualStudioVersion = 17.6.33723.286
MinimumVisualStudioVersion = 10.0.40219.1
Project("{9A19103F-16F7-4668-BE54-9A1E7A4F7556}") = "BuisnessAutomationApp", "BuisnessAutomationApp\BuisnessAutomationApp.csproj", "{B52DF366-24DD-4737-8B11-E70DEA40C28A}"
EndProject
Project("{9A19103F-16F7-4668-BE54-9A1E7A4F7556}") = "BusinessAutomations.Models", "BusinessAutomations.Models\BusinessAutomations.Models.csproj", "{7ED64274-4455-4B6B-8115-01801B15B89A}"
EndProject
Project("{9A19103F-16F7-4668-BE54-9A1E7A4F7556}") = "BusinessAutomation.Database", "BusinessAutomation.Database\BusinessAutomation.Database.csproj", "{29E0DCD2-1EDE-451D-AC30-89B6961D5A65}"
EndProject
Project("{FAE04EC0-301F-11D3-BF4B-00C04F79EFBC}") = "BusinessAutomation.TestConsole", "BusinessAutomation.TestConsole\BusinessAutomation.TestConsole.csproj", "{75327D47-5281-4605-912C-4D0ACFC2AA66}"
EndProject
Project("{FAE04EC0-301F-11D3-BF4B-00C04F79EFBC}") = "BusinessAutomation.Repositories", "BusinessAutomation.Repositories\BusinessAutomation.Repositories.csproj", "{5CC01DE2-A9EA-4D32-A6A7-D84E9F7CC28C}"
EndProject
Global
	GlobalSection(SolutionConfigurationPlatforms) = preSolution
		Debug|Any CPU = Debug|Any CPU
		Release|Any CPU = Release|Any CPU
	EndGlobalSection
	GlobalSection(ProjectConfigurationPlatforms) = postSolution
		{B52DF366-24DD-4737-8B11-E70DEA40C28A}.Debug|Any CPU.ActiveCfg = Debug|Any CPU
		{B52DF366-24DD-4737-8B11-E70DEA40C28A}.Debug|Any CPU.Build.0 = Debug|Any CPU
		{B52DF366-24DD-4737-8B11-E70DEA40C28A}.Release|Any CPU.ActiveCfg = Release|Any CPU
		{B52DF366-24DD-4737-8B11-E70DEA40C28A}.Release|Any CPU.Build.0 = Release|Any CPU
		{7ED64274-4455-4B6B-8115-01801B15B89A}.Debug|Any CPU.ActiveCfg = Debug|Any CPU
		{7ED64274-4455-4B6B-8115-01801B15B89A}.Debug|Any CPU.Build.0 = Debug|Any CPU
		{7ED64274-4455-4B6B-8115-01801B15B89A}.Release|Any CPU.ActiveCfg = Release|Any CPU
		{7ED64274-4455-4B6B-8115-01801B15B89A}.Release|Any CPU.Build.0 = Release|Any CPU
		{29E0DCD2-1EDE-451D-AC30-89B6961D5A65}.Debug|Any CPU.ActiveCfg = Debug|Any CPU
		{29E0DCD2-1EDE-451D-AC30-89B6961D5A65}.Debug|Any CPU.Build.0 = Debug|Any CPU
		{29E0DCD2-1EDE-451D-AC30-89B6961D5A65}.Release|Any CPU.ActiveCfg = Release|Any CPU
		{29E0DCD2-1EDE-451D-AC30-89B6961D5A65}.Release|Any CPU.Build.0 = Release|Any CPU
		{75327D47-5281-4605-912C-4D0ACFC2AA66}.Debug|Any CPU.ActiveCfg = Debug|Any CPU
		{75327D47-5281-4605-912C-4D0ACFC2AA66}.Debug|Any CPU.Build.0 = Debug|Any CPU
		{75327D47-5281-4605-912C-4D0ACFC2AA66}.Release|Any CPU.ActiveCfg = Release|Any CPU
		{75327D47-5281-4605-912C-4D0ACFC2AA66}.Release|Any CPU.Build.0 = Release|Any CPU
		{5CC01DE2-A9EA-4D32-A6A7-D84E9F7CC28C}.Debug|Any CPU.ActiveCfg = Debug|Any CPU
		{5CC01DE2-A9EA-4D32-A6A7-D84E9F7CC28C}.Debug|Any CPU.Build.0 = Debug|Any CPU
		{5CC01DE2-A9EA-4D32-A6A7-D84E9F7CC28C}.Release|Any CPU.ActiveCfg = Release|Any CPU
		{5CC01DE2-A9EA-4D32-A6A7-D84E9F7CC28C}.Release|Any CPU.Build.0 = Release|Any CPU
	EndGlobalSection
	GlobalSection(SolutionProperties) = preSolution
		HideSolutionNode = FALSE
	EndGlobalSection
	GlobalSection(ExtensibilityGlobals) = postSolution
		SolutionGuid = {5FD6D21D-0F7E-4FA2-B50A-B789820236F2}
	EndGlobalSection
EndGlobal
